
Microsoft Visual Studio Solution File, Format Version 12.00
# Visual Studio 15
VisualStudioVersion = 15.0.26403.7
MinimumVisualStudioVersion = 10.0.40219.1
Project("{FAE04EC0-301F-11D3-BF4B-00C04F79EFBC}") = "ParticleForm", "ParticleForm\ParticleForm.csproj", "{9761BCA4-C2C7-461D-BF42-A0F365B892C1}"
EndProject
Project("{FAE04EC0-301F-11D3-BF4B-00C04F79EFBC}") = "ParticleClasses", "ParticleClasses\ParticleClasses.csproj", "{400EE962-AF91-4409-AD2E-D636A3EC0B20}"
EndProject
Project("{FAE04EC0-301F-11D3-BF4B-00C04F79EFBC}") = "Factory", "ParticleFactory\Factory.csproj", "{5B045B5B-3EA7-441B-B898-6C4B4DED2C2F}"
EndProject
Project("{FAE04EC0-301F-11D3-BF4B-00C04F79EFBC}") = "Interfaces", "InterfaceParticle\Interfaces.csproj", "{5A1AF237-E43B-473D-85AE-0C1462678943}"
EndProject
Project("{FAE04EC0-301F-11D3-BF4B-00C04F79EFBC}") = "ParticleValidations", "ParticleValidations\ParticleValidations.csproj", "{CD02A5EB-1CED-4746-8F42-E9BC8605F527}"
EndProject
Project("{FAE04EC0-301F-11D3-BF4B-00C04F79EFBC}") = "DAL", "DAL\DAL.csproj", "{199A0F18-8CF9-40F8-9874-3DBC3A0D573D}"
EndProject
Global
	GlobalSection(SolutionConfigurationPlatforms) = preSolution
		Debug|Any CPU = Debug|Any CPU
		Debug|ARM = Debug|ARM
		Debug|x64 = Debug|x64
		Debug|x86 = Debug|x86
		Release|Any CPU = Release|Any CPU
		Release|ARM = Release|ARM
		Release|x64 = Release|x64
		Release|x86 = Release|x86
	EndGlobalSection
	GlobalSection(ProjectConfigurationPlatforms) = postSolution
		{9761BCA4-C2C7-461D-BF42-A0F365B892C1}.Debug|Any CPU.ActiveCfg = Debug|Any CPU
		{9761BCA4-C2C7-461D-BF42-A0F365B892C1}.Debug|Any CPU.Build.0 = Debug|Any CPU
		{9761BCA4-C2C7-461D-BF42-A0F365B892C1}.Debug|ARM.ActiveCfg = Debug|Any CPU
		{9761BCA4-C2C7-461D-BF42-A0F365B892C1}.Debug|ARM.Build.0 = Debug|Any CPU
		{9761BCA4-C2C7-461D-BF42-A0F365B892C1}.Debug|x64.ActiveCfg = Debug|Any CPU
		{9761BCA4-C2C7-461D-BF42-A0F365B892C1}.Debug|x64.Build.0 = Debug|Any CPU
		{9761BCA4-C2C7-461D-BF42-A0F365B892C1}.Debug|x86.ActiveCfg = Debug|Any CPU
		{9761BCA4-C2C7-461D-BF42-A0F365B892C1}.Debug|x86.Build.0 = Debug|Any CPU
		{9761BCA4-C2C7-461D-BF42-A0F365B892C1}.Release|Any CPU.ActiveCfg = Release|Any CPU
		{9761BCA4-C2C7-461D-BF42-A0F365B892C1}.Release|Any CPU.Build.0 = Release|Any CPU
		{9761BCA4-C2C7-461D-BF42-A0F365B892C1}.Release|ARM.ActiveCfg = Release|Any CPU
		{9761BCA4-C2C7-461D-BF42-A0F365B892C1}.Release|ARM.Build.0 = Release|Any CPU
		{9761BCA4-C2C7-461D-BF42-A0F365B892C1}.Release|x64.ActiveCfg = Release|Any CPU
		{9761BCA4-C2C7-461D-BF42-A0F365B892C1}.Release|x64.Build.0 = Release|Any CPU
		{9761BCA4-C2C7-461D-BF42-A0F365B892C1}.Release|x86.ActiveCfg = Release|Any CPU
		{9761BCA4-C2C7-461D-BF42-A0F365B892C1}.Release|x86.Build.0 = Release|Any CPU
		{400EE962-AF91-4409-AD2E-D636A3EC0B20}.Debug|Any CPU.ActiveCfg = Debug|Any CPU
		{400EE962-AF91-4409-AD2E-D636A3EC0B20}.Debug|Any CPU.Build.0 = Debug|Any CPU
		{400EE962-AF91-4409-AD2E-D636A3EC0B20}.Debug|ARM.ActiveCfg = Debug|Any CPU
		{400EE962-AF91-4409-AD2E-D636A3EC0B20}.Debug|ARM.Build.0 = Debug|Any CPU
		{400EE962-AF91-4409-AD2E-D636A3EC0B20}.Debug|x64.ActiveCfg = Debug|Any CPU
		{400EE962-AF91-4409-AD2E-D636A3EC0B20}.Debug|x64.Build.0 = Debug|Any CPU
		{400EE962-AF91-4409-AD2E-D636A3EC0B20}.Debug|x86.ActiveCfg = Debug|Any CPU
		{400EE962-AF91-4409-AD2E-D636A3EC0B20}.Debug|x86.Build.0 = Debug|Any CPU
		{400EE962-AF91-4409-AD2E-D636A3EC0B20}.Release|Any CPU.ActiveCfg = Release|Any CPU
		{400EE962-AF91-4409-AD2E-D636A3EC0B20}.Release|Any CPU.Build.0 = Release|Any CPU
		{400EE962-AF91-4409-AD2E-D636A3EC0B20}.Release|ARM.ActiveCfg = Release|Any CPU
		{400EE962-AF91-4409-AD2E-D636A3EC0B20}.Release|ARM.Build.0 = Release|Any CPU
		{400EE962-AF91-4409-AD2E-D636A3EC0B20}.Release|x64.ActiveCfg = Release|Any CPU
		{400EE962-AF91-4409-AD2E-D636A3EC0B20}.Release|x64.Build.0 = Release|Any CPU
		{400EE962-AF91-4409-AD2E-D636A3EC0B20}.Release|x86.ActiveCfg = Release|Any CPU
		{400EE962-AF91-4409-AD2E-D636A3EC0B20}.Release|x86.Build.0 = Release|Any CPU
		{5B045B5B-3EA7-441B-B898-6C4B4DED2C2F}.Debug|Any CPU.ActiveCfg = Debug|Any CPU
		{5B045B5B-3EA7-441B-B898-6C4B4DED2C2F}.Debug|Any CPU.Build.0 = Debug|Any CPU
		{5B045B5B-3EA7-441B-B898-6C4B4DED2C2F}.Debug|ARM.ActiveCfg = Debug|Any CPU
		{5B045B5B-3EA7-441B-B898-6C4B4DED2C2F}.Debug|ARM.Build.0 = Debug|Any CPU
		{5B045B5B-3EA7-441B-B898-6C4B4DED2C2F}.Debug|x64.ActiveCfg = Debug|Any CPU
		{5B045B5B-3EA7-441B-B898-6C4B4DED2C2F}.Debug|x64.Build.0 = Debug|Any CPU
		{5B045B5B-3EA7-441B-B898-6C4B4DED2C2F}.Debug|x86.ActiveCfg = Debug|Any CPU
		{5B045B5B-3EA7-441B-B898-6C4B4DED2C2F}.Debug|x86.Build.0 = Debug|Any CPU
		{5B045B5B-3EA7-441B-B898-6C4B4DED2C2F}.Release|Any CPU.ActiveCfg = Release|Any CPU
		{5B045B5B-3EA7-441B-B898-6C4B4DED2C2F}.Release|Any CPU.Build.0 = Release|Any CPU
		{5B045B5B-3EA7-441B-B898-6C4B4DED2C2F}.Release|ARM.ActiveCfg = Release|Any CPU
		{5B045B5B-3EA7-441B-B898-6C4B4DED2C2F}.Release|ARM.Build.0 = Release|Any CPU
		{5B045B5B-3EA7-441B-B898-6C4B4DED2C2F}.Release|x64.ActiveCfg = Release|Any CPU
		{5B045B5B-3EA7-441B-B898-6C4B4DED2C2F}.Release|x64.Build.0 = Release|Any CPU
		{5B045B5B-3EA7-441B-B898-6C4B4DED2C2F}.Release|x86.ActiveCfg = Release|Any CPU
		{5B045B5B-3EA7-441B-B898-6C4B4DED2C2F}.Release|x86.Build.0 = Release|Any CPU
		{5A1AF237-E43B-473D-85AE-0C1462678943}.Debug|Any CPU.ActiveCfg = Debug|Any CPU
		{5A1AF237-E43B-473D-85AE-0C1462678943}.Debug|Any CPU.Build.0 = Debug|Any CPU
		{5A1AF237-E43B-473D-85AE-0C1462678943}.Debug|ARM.ActiveCfg = Debug|Any CPU
		{5A1AF237-E43B-473D-85AE-0C1462678943}.Debug|ARM.Build.0 = Debug|Any CPU
		{5A1AF237-E43B-473D-85AE-0C1462678943}.Debug|x64.ActiveCfg = Debug|Any CPU
		{5A1AF237-E43B-473D-85AE-0C1462678943}.Debug|x64.Build.0 = Debug|Any CPU
		{5A1AF237-E43B-473D-85AE-0C1462678943}.Debug|x86.ActiveCfg = Debug|Any CPU
		{5A1AF237-E43B-473D-85AE-0C1462678943}.Debug|x86.Build.0 = Debug|Any CPU
		{5A1AF237-E43B-473D-85AE-0C1462678943}.Release|Any CPU.ActiveCfg = Release|Any CPU
		{5A1AF237-E43B-473D-85AE-0C1462678943}.Release|Any CPU.Build.0 = Release|Any CPU
		{5A1AF237-E43B-473D-85AE-0C1462678943}.Release|ARM.ActiveCfg = Release|Any CPU
		{5A1AF237-E43B-473D-85AE-0C1462678943}.Release|ARM.Build.0 = Release|Any CPU
		{5A1AF237-E43B-473D-85AE-0C1462678943}.Release|x64.ActiveCfg = Release|Any CPU
		{5A1AF237-E43B-473D-85AE-0C1462678943}.Release|x64.Build.0 = Release|Any CPU
		{5A1AF237-E43B-473D-85AE-0C1462678943}.Release|x86.ActiveCfg = Release|Any CPU
		{5A1AF237-E43B-473D-85AE-0C1462678943}.Release|x86.Build.0 = Release|Any CPU
		{CD02A5EB-1CED-4746-8F42-E9BC8605F527}.Debug|Any CPU.ActiveCfg = Debug|Any CPU
		{CD02A5EB-1CED-4746-8F42-E9BC8605F527}.Debug|Any CPU.Build.0 = Debug|Any CPU
		{CD02A5EB-1CED-4746-8F42-E9BC8605F527}.Debug|ARM.ActiveCfg = Debug|Any CPU
		{CD02A5EB-1CED-4746-8F42-E9BC8605F527}.Debug|ARM.Build.0 = Debug|Any CPU
		{CD02A5EB-1CED-4746-8F42-E9BC8605F527}.Debug|x64.ActiveCfg = Debug|Any CPU
		{CD02A5EB-1CED-4746-8F42-E9BC8605F527}.Debug|x64.Build.0 = Debug|Any CPU
		{CD02A5EB-1CED-4746-8F42-E9BC8605F527}.Debug|x86.ActiveCfg = Debug|Any CPU
		{CD02A5EB-1CED-4746-8F42-E9BC8605F527}.Debug|x86.Build.0 = Debug|Any CPU
		{CD02A5EB-1CED-4746-8F42-E9BC8605F527}.Release|Any CPU.ActiveCfg = Release|Any CPU
		{CD02A5EB-1CED-4746-8F42-E9BC8605F527}.Release|Any CPU.Build.0 = Release|Any CPU
		{CD02A5EB-1CED-4746-8F42-E9BC8605F527}.Release|ARM.ActiveCfg = Release|Any CPU
		{CD02A5EB-1CED-4746-8F42-E9BC8605F527}.Release|ARM.Build.0 = Release|Any CPU
		{CD02A5EB-1CED-4746-8F42-E9BC8605F527}.Release|x64.ActiveCfg = Release|Any CPU
		{CD02A5EB-1CED-4746-8F42-E9BC8605F527}.Release|x64.Build.0 = Release|Any CPU
		{CD02A5EB-1CED-4746-8F42-E9BC8605F527}.Release|x86.ActiveCfg = Release|Any CPU
		{CD02A5EB-1CED-4746-8F42-E9BC8605F527}.Release|x86.Build.0 = Release|Any CPU
		{199A0F18-8CF9-40F8-9874-3DBC3A0D573D}.Debug|Any CPU.ActiveCfg = Debug|Any CPU
		{199A0F18-8CF9-40F8-9874-3DBC3A0D573D}.Debug|Any CPU.Build.0 = Debug|Any CPU
		{199A0F18-8CF9-40F8-9874-3DBC3A0D573D}.Debug|ARM.ActiveCfg = Debug|Any CPU
		{199A0F18-8CF9-40F8-9874-3DBC3A0D573D}.Debug|ARM.Build.0 = Debug|Any CPU
		{199A0F18-8CF9-40F8-9874-3DBC3A0D573D}.Debug|x64.ActiveCfg = Debug|Any CPU
		{199A0F18-8CF9-40F8-9874-3DBC3A0D573D}.Debug|x64.Build.0 = Debug|Any CPU
		{199A0F18-8CF9-40F8-9874-3DBC3A0D573D}.Debug|x86.ActiveCfg = Debug|Any CPU
		{199A0F18-8CF9-40F8-9874-3DBC3A0D573D}.Debug|x86.Build.0 = Debug|Any CPU
		{199A0F18-8CF9-40F8-9874-3DBC3A0D573D}.Release|Any CPU.ActiveCfg = Release|Any CPU
		{199A0F18-8CF9-40F8-9874-3DBC3A0D573D}.Release|Any CPU.Build.0 = Release|Any CPU
		{199A0F18-8CF9-40F8-9874-3DBC3A0D573D}.Release|ARM.ActiveCfg = Release|Any CPU
		{199A0F18-8CF9-40F8-9874-3DBC3A0D573D}.Release|ARM.Build.0 = Release|Any CPU
		{199A0F18-8CF9-40F8-9874-3DBC3A0D573D}.Release|x64.ActiveCfg = Release|Any CPU
		{199A0F18-8CF9-40F8-9874-3DBC3A0D573D}.Release|x64.Build.0 = Release|Any CPU
		{199A0F18-8CF9-40F8-9874-3DBC3A0D573D}.Release|x86.ActiveCfg = Release|Any CPU
		{199A0F18-8CF9-40F8-9874-3DBC3A0D573D}.Release|x86.Build.0 = Release|Any CPU
	EndGlobalSection
	GlobalSection(SolutionProperties) = preSolution
		HideSolutionNode = FALSE
	EndGlobalSection
EndGlobal
